{
  "name": "sink",
  "version": "0.1.0",
  "lockfileVersion": 1,
  "requires": true,
  "dependencies": {
    "@types/node": {
      "version": "8.10.48",
      "resolved": "https://registry.npmjs.org/@types/node/-/node-8.10.48.tgz",
      "integrity": "sha512-c35YEBTkL4rzXY2ucpSKy+UYHjUBIIkuJbWYbsGIrKLEWU5dgJMmLkkIb3qeC3O3Tpb1ZQCwecscvJTDjDjkRw==",
      "dev": true
    }
  }
}
